{
    "name": "laravel-livewire",
    "lockfileVersion": 2,
    "requires": true,
    "packages": {
        "": {
            "name": "laravel-livewire",
            "license": "MIT",
            "dependencies": {
                "@alpinejs/anchor": "^3.14.3",
                "@alpinejs/collapse": "^3.14.3",
                "@alpinejs/focus": "^3.14.3",
                "@alpinejs/intersect": "^3.14.3",
                "@alpinejs/mask": "^3.14.3",
                "@alpinejs/morph": "^3.14.3",
                "@alpinejs/persist": "^3.14.3",
                "@alpinejs/resize": "^3.14.3",
                "@vue/reactivity": "^3.2.45",
                "alpinejs": "^3.14.3",
                "nprogress": "^0.2.0"
            },
            "devDependencies": {
                "brotli-size": "^4.0.0",
                "esbuild": "^0.14.49"
            }
        },
        "node_modules/@alpinejs/anchor": {
            "version": "3.14.4",
            "resolved": "https://registry.npmjs.org/@alpinejs/anchor/-/anchor-3.14.4.tgz",
            "integrity": "sha512-u6mExk1BqamBhyTfaQd4XyClOGSmOQJDRz2uoF9L2y/H3Lb+MKvPMbQE8uN6IVzjxGYqliFQ819OPBI4iDUh9A==",
            "license": "MIT"
        },
        "node_modules/@alpinejs/collapse": {
            "version": "3.14.4",
            "resolved": "https://registry.npmjs.org/@alpinejs/collapse/-/collapse-3.14.4.tgz",
            "integrity": "sha512-lClwAuwlPyCzE6e5Jne4PcI94FK9fKSPdYUR7d7T0kOQ8r167nXvFo3AyB2l/Af/fN+SPvo6PcRgBVLkviEuiA==",
            "license": "MIT"
        },
        "node_modules/@alpinejs/focus": {
            "version": "3.14.4",
            "resolved": "https://registry.npmjs.org/@alpinejs/focus/-/focus-3.14.4.tgz",
            "integrity": "sha512-tsT14fEG7JnTHxElGrtJk85544IrRedJegvWAi4wZrXGDcFsMyi1GBRpcH/CEI4XOFyvGcGXLkIjgsL1sf7LZA==",
            "license": "MIT",
            "dependencies": {
                "focus-trap": "^6.9.4",
                "tabbable": "^5.3.3"
            }
        },
        "node_modules/@alpinejs/intersect": {
            "version": "3.14.4",
            "resolved": "https://registry.npmjs.org/@alpinejs/intersect/-/intersect-3.14.4.tgz",
            "integrity": "sha512-meQaRXZ8QrfsDJkdm/9c2e0wyeeMgzbDYDek4KCEQ830fP0UOPYnbJtk15YOh4lGbkth/o/pXZJJOT4t1wKldg==",
            "license": "MIT"
        },
        "node_modules/@alpinejs/mask": {
            "version": "3.14.4",
            "resolved": "https://registry.npmjs.org/@alpinejs/mask/-/mask-3.14.4.tgz",
            "integrity": "sha512-CoRprj7vzGYVNrxWbptPdrmYVgrdMyNEwMEqXnuKz7q8v5A6D2/NWqWgqpmcyqleRQ2lE7BQGd1SwBDs5H+zLQ==",
            "license": "MIT"
        },
        "node_modules/@alpinejs/morph": {
            "version": "3.14.4",
            "resolved": "https://registry.npmjs.org/@alpinejs/morph/-/morph-3.14.4.tgz",
            "integrity": "sha512-iSIg0PAMdr/vArtkYKGsh7xjFBliWjZi7nQQYgZe/ns5II/VwlvlsLx/9gZBG6DjFQDtODq61j9XxD03KoSqiw==",
            "license": "MIT"
        },
        "node_modules/@alpinejs/persist": {
            "version": "3.14.4",
            "resolved": "https://registry.npmjs.org/@alpinejs/persist/-/persist-3.14.4.tgz",
            "integrity": "sha512-tp4ie5Ib1fbIi6e7ZP4vTE9Ad2jz/Ri6c6pmsLuOquAdU/s2EPQM4tjGVCRLaWiAhYD+cj4eBEwSfbRpLCtawg==",
            "license": "MIT"
        },
        "node_modules/@alpinejs/resize": {
            "version": "3.14.4",
            "resolved": "https://registry.npmjs.org/@alpinejs/resize/-/resize-3.14.4.tgz",
            "integrity": "sha512-/Y2RTV93+EA1E+Vo/DZCOxXCGfaiSDd2PuXRcuCez2HkzgSxZs1euRsdunIrh4A61HMCA0Y3lxP9ri5MOvtjaA==",
            "license": "MIT"
        },
        "node_modules/@vue/reactivity": {
            "version": "3.2.45",
            "resolved": "https://registry.npmjs.org/@vue/reactivity/-/reactivity-3.2.45.tgz",
            "integrity": "sha512-PRvhCcQcyEVohW0P8iQ7HDcIOXRjZfAsOds3N99X/Dzewy8TVhTCT4uXpAHfoKjVTJRA0O0K+6QNkDIZAxNi3A==",
            "dependencies": {
                "@vue/shared": "3.2.45"
            }
        },
        "node_modules/@vue/shared": {
            "version": "3.2.45",
            "resolved": "https://registry.npmjs.org/@vue/shared/-/shared-3.2.45.tgz",
            "integrity": "sha512-Ewzq5Yhimg7pSztDV+RH1UDKBzmtqieXQlpTVm2AwraoRL/Rks96mvd8Vgi7Lj+h+TH8dv7mXD3FRZR3TUvbSg=="
        },
        "node_modules/alpinejs": {
            "version": "3.14.4",
            "resolved": "https://registry.npmjs.org/alpinejs/-/alpinejs-3.14.4.tgz",
            "integrity": "sha512-fRRQaNO/CbY2jmMsu3xV38XmUlltxfoOZug7UwhX6Q6FcjloFcKdjzepeGhH2YC7LDbY6Nk1SMPOmnbZW2rOLA==",
            "license": "MIT",
            "dependencies": {
                "@vue/reactivity": "~3.1.1"
            }
        },
        "node_modules/alpinejs/node_modules/@vue/reactivity": {
            "version": "3.1.5",
            "resolved": "https://registry.npmjs.org/@vue/reactivity/-/reactivity-3.1.5.tgz",
            "integrity": "sha512-1tdfLmNjWG6t/CsPldh+foumYFo3cpyCHgBYQ34ylaMsJ+SNHQ1kApMIa8jN+i593zQuaw3AdWH0nJTARzCFhg==",
            "dependencies": {
                "@vue/shared": "3.1.5"
            }
        },
        "node_modules/alpinejs/node_modules/@vue/shared": {
            "version": "3.1.5",
            "resolved": "https://registry.npmjs.org/@vue/shared/-/shared-3.1.5.tgz",
            "integrity": "sha512-oJ4F3TnvpXaQwZJNF3ZK+kLPHKarDmJjJ6jyzVNDKH9md1dptjC7lWR//jrGuLdek/U6iltWxqAnYOu8gCiOvA=="
        },
        "node_modules/brotli-size": {
            "version": "4.0.0",
            "resolved": "https://registry.npmjs.org/brotli-size/-/brotli-size-4.0.0.tgz",
            "integrity": "sha512-uA9fOtlTRC0iqKfzff1W34DXUA3GyVqbUaeo3Rw3d4gd1eavKVCETXrn3NzO74W+UVkG3UHu8WxUi+XvKI/huA==",
            "dev": true,
            "dependencies": {
                "duplexer": "0.1.1"
            },
            "engines": {
                "node": ">= 10.16.0"
            }
        },
        "node_modules/duplexer": {
            "version": "0.1.1",
            "resolved": "https://registry.npmjs.org/duplexer/-/duplexer-0.1.1.tgz",
            "integrity": "sha512-sxNZ+ljy+RA1maXoUReeqBBpBC6RLKmg5ewzV+x+mSETmWNoKdZN6vcQjpFROemza23hGFskJtFNoUWUaQ+R4Q==",
            "dev": true
        },
        "node_modules/esbuild": {
            "version": "0.14.49",
            "resolved": "https://registry.npmjs.org/esbuild/-/esbuild-0.14.49.tgz",
            "integrity": "sha512-/TlVHhOaq7Yz8N1OJrjqM3Auzo5wjvHFLk+T8pIue+fhnhIMpfAzsG6PLVMbFveVxqD2WOp3QHei+52IMUNmCw==",
            "dev": true,
            "hasInstallScript": true,
            "bin": {
                "esbuild": "bin/esbuild"
            },
            "engines": {
                "node": ">=12"
            },
            "optionalDependencies": {
                "esbuild-android-64": "0.14.49",
                "esbuild-android-arm64": "0.14.49",
                "esbuild-darwin-64": "0.14.49",
                "esbuild-darwin-arm64": "0.14.49",
                "esbuild-freebsd-64": "0.14.49",
                "esbuild-freebsd-arm64": "0.14.49",
                "esbuild-linux-32": "0.14.49",
                "esbuild-linux-64": "0.14.49",
                "esbuild-linux-arm": "0.14.49",
                "esbuild-linux-arm64": "0.14.49",
                "esbuild-linux-mips64le": "0.14.49",
                "esbuild-linux-ppc64le": "0.14.49",
                "esbuild-linux-riscv64": "0.14.49",
                "esbuild-linux-s390x": "0.14.49",
                "esbuild-netbsd-64": "0.14.49",
                "esbuild-openbsd-64": "0.14.49",
                "esbuild-sunos-64": "0.14.49",
                "esbuild-windows-32": "0.14.49",
                "esbuild-windows-64": "0.14.49",
                "esbuild-windows-arm64": "0.14.49"
            }
        },
        "node_modules/esbuild-android-64": {
            "version": "0.14.49",
            "resolved": "https://registry.npmjs.org/esbuild-android-64/-/esbuild-android-64-0.14.49.tgz",
            "integrity": "sha512-vYsdOTD+yi+kquhBiFWl3tyxnj2qZJsl4tAqwhT90ktUdnyTizgle7TjNx6Ar1bN7wcwWqZ9QInfdk2WVagSww==",
            "cpu": [
                "x64"
            ],
            "dev": true,
            "optional": true,
            "os": [
                "android"
            ],
            "engines": {
                "node": ">=12"
            }
        },
        "node_modules/esbuild-android-arm64": {
            "version": "0.14.49",
            "resolved": "https://registry.npmjs.org/esbuild-android-arm64/-/esbuild-android-arm64-0.14.49.tgz",
            "integrity": "sha512-g2HGr/hjOXCgSsvQZ1nK4nW/ei8JUx04Li74qub9qWrStlysaVmadRyTVuW32FGIpLQyc5sUjjZopj49eGGM2g==",
            "cpu": [
                "arm64"
            ],
            "dev": true,
            "optional": true,
            "os": [
                "android"
            ],
            "engines": {
                "node": ">=12"
            }
        },
        "node_modules/esbuild-darwin-64": {
            "version": "0.14.49",
            "resolved": "https://registry.npmjs.org/esbuild-darwin-64/-/esbuild-darwin-64-0.14.49.tgz",
            "integrity": "sha512-3rvqnBCtX9ywso5fCHixt2GBCUsogNp9DjGmvbBohh31Ces34BVzFltMSxJpacNki96+WIcX5s/vum+ckXiLYg==",
            "cpu": [
                "x64"
            ],
            "dev": true,
            "optional": true,
            "os": [
                "darwin"
            ],
            "engines": {
                "node": ">=12"
            }
        },
        "node_modules/esbuild-darwin-arm64": {
            "version": "0.14.49",
            "resolved": "https://registry.npmjs.org/esbuild-darwin-arm64/-/esbuild-darwin-arm64-0.14.49.tgz",
            "integrity": "sha512-XMaqDxO846srnGlUSJnwbijV29MTKUATmOLyQSfswbK/2X5Uv28M9tTLUJcKKxzoo9lnkYPsx2o8EJcTYwCs/A==",
            "cpu": [
                "arm64"
            ],
            "dev": true,
            "optional": true,
            "os": [
                "darwin"
            ],
            "engines": {
                "node": ">=12"
            }
        },
        "node_modules/esbuild-freebsd-64": {
            "version": "0.14.49",
            "resolved": "https://registry.npmjs.org/esbuild-freebsd-64/-/esbuild-freebsd-64-0.14.49.tgz",
            "integrity": "sha512-NJ5Q6AjV879mOHFri+5lZLTp5XsO2hQ+KSJYLbfY9DgCu8s6/Zl2prWXVANYTeCDLlrIlNNYw8y34xqyLDKOmQ==",
            "cpu": [
                "x64"
            ],
            "dev": true,
            "optional": true,
            "os": [
                "freebsd"
            ],
            "engines": {
                "node": ">=12"
            }
        },
        "node_modules/esbuild-freebsd-arm64": {
            "version": "0.14.49",
            "resolved": "https://registry.npmjs.org/esbuild-freebsd-arm64/-/esbuild-freebsd-arm64-0.14.49.tgz",
            "integrity": "sha512-lFLtgXnAc3eXYqj5koPlBZvEbBSOSUbWO3gyY/0+4lBdRqELyz4bAuamHvmvHW5swJYL7kngzIZw6kdu25KGOA==",
            "cpu": [
                "arm64"
            ],
            "dev": true,
            "optional": true,
            "os": [
                "freebsd"
            ],
            "engines": {
                "node": ">=12"
            }
        },
        "node_modules/esbuild-linux-32": {
            "version": "0.14.49",
            "resolved": "https://registry.npmjs.org/esbuild-linux-32/-/esbuild-linux-32-0.14.49.tgz",
            "integrity": "sha512-zTTH4gr2Kb8u4QcOpTDVn7Z8q7QEIvFl/+vHrI3cF6XOJS7iEI1FWslTo3uofB2+mn6sIJEQD9PrNZKoAAMDiA==",
            "cpu": [
                "ia32"
            ],
            "dev": true,
            "optional": true,
            "os": [
                "linux"
            ],
            "engines": {
                "node": ">=12"
            }
        },
        "node_modules/esbuild-linux-64": {
            "version": "0.14.49",
            "resolved": "https://registry.npmjs.org/esbuild-linux-64/-/esbuild-linux-64-0.14.49.tgz",
            "integrity": "sha512-hYmzRIDzFfLrB5c1SknkxzM8LdEUOusp6M2TnuQZJLRtxTgyPnZZVtyMeCLki0wKgYPXkFsAVhi8vzo2mBNeTg==",
            "cpu": [
                "x64"
            ],
            "dev": true,
            "optional": true,
            "os": [
                "linux"
            ],
            "engines": {
                "node": ">=12"
            }
        },
        "node_modules/esbuild-linux-arm": {
            "version": "0.14.49",
            "resolved": "https://registry.npmjs.org/esbuild-linux-arm/-/esbuild-linux-arm-0.14.49.tgz",
            "integrity": "sha512-iE3e+ZVv1Qz1Sy0gifIsarJMQ89Rpm9mtLSRtG3AH0FPgAzQ5Z5oU6vYzhc/3gSPi2UxdCOfRhw2onXuFw/0lg==",
            "cpu": [
                "arm"
            ],
            "dev": true,
            "optional": true,
            "os": [
                "linux"
            ],
            "engines": {
                "node": ">=12"
            }
        },
        "node_modules/esbuild-linux-arm64": {
            "version": "0.14.49",
            "resolved": "https://registry.npmjs.org/esbuild-linux-arm64/-/esbuild-linux-arm64-0.14.49.tgz",
            "integrity": "sha512-KLQ+WpeuY+7bxukxLz5VgkAAVQxUv67Ft4DmHIPIW+2w3ObBPQhqNoeQUHxopoW/aiOn3m99NSmSV+bs4BSsdA==",
            "cpu": [
                "arm64"
            ],
            "dev": true,
            "optional": true,
            "os": [
                "linux"
            ],
            "engines": {
                "node": ">=12"
            }
        },
        "node_modules/esbuild-linux-mips64le": {
            "version": "0.14.49",
            "resolved": "https://registry.npmjs.org/esbuild-linux-mips64le/-/esbuild-linux-mips64le-0.14.49.tgz",
            "integrity": "sha512-n+rGODfm8RSum5pFIqFQVQpYBw+AztL8s6o9kfx7tjfK0yIGF6tm5HlG6aRjodiiKkH2xAiIM+U4xtQVZYU4rA==",
            "cpu": [
                "mips64el"
            ],
            "dev": true,
            "optional": true,
            "os": [
                "linux"
            ],
            "engines": {
                "node": ">=12"
            }
        },
        "node_modules/esbuild-linux-ppc64le": {
            "version": "0.14.49",
            "resolved": "https://registry.npmjs.org/esbuild-linux-ppc64le/-/esbuild-linux-ppc64le-0.14.49.tgz",
            "integrity": "sha512-WP9zR4HX6iCBmMFH+XHHng2LmdoIeUmBpL4aL2TR8ruzXyT4dWrJ5BSbT8iNo6THN8lod6GOmYDLq/dgZLalGw==",
            "cpu": [
                "ppc64"
            ],
            "dev": true,
            "optional": true,
            "os": [
                "linux"
            ],
            "engines": {
                "node": ">=12"
            }
        },
        "node_modules/esbuild-linux-riscv64": {
            "version": "0.14.49",
            "resolved": "https://registry.npmjs.org/esbuild-linux-riscv64/-/esbuild-linux-riscv64-0.14.49.tgz",
            "integrity": "sha512-h66ORBz+Dg+1KgLvzTVQEA1LX4XBd1SK0Fgbhhw4akpG/YkN8pS6OzYI/7SGENiN6ao5hETRDSkVcvU9NRtkMQ==",
            "cpu": [
                "riscv64"
            ],
            "dev": true,
            "optional": true,
            "os": [
                "linux"
            ],
            "engines": {
                "node": ">=12"
            }
        },
        "node_modules/esbuild-linux-s390x": {
            "version": "0.14.49",
            "resolved": "https://registry.npmjs.org/esbuild-linux-s390x/-/esbuild-linux-s390x-0.14.49.tgz",
            "integrity": "sha512-DhrUoFVWD+XmKO1y7e4kNCqQHPs6twz6VV6Uezl/XHYGzM60rBewBF5jlZjG0nCk5W/Xy6y1xWeopkrhFFM0sQ==",
            "cpu": [
                "s390x"
            ],
            "dev": true,
            "optional": true,
            "os": [
                "linux"
            ],
            "engines": {
                "node": ">=12"
            }
        },
        "node_modules/esbuild-netbsd-64": {
            "version": "0.14.49",
            "resolved": "https://registry.npmjs.org/esbuild-netbsd-64/-/esbuild-netbsd-64-0.14.49.tgz",
            "integrity": "sha512-BXaUwFOfCy2T+hABtiPUIpWjAeWK9P8O41gR4Pg73hpzoygVGnj0nI3YK4SJhe52ELgtdgWP/ckIkbn2XaTxjQ==",
            "cpu": [
                "x64"
            ],
            "dev": true,
            "optional": true,
            "os": [
                "netbsd"
            ],
            "engines": {
                "node": ">=12"
            }
        },
        "node_modules/esbuild-openbsd-64": {
            "version": "0.14.49",
            "resolved": "https://registry.npmjs.org/esbuild-openbsd-64/-/esbuild-openbsd-64-0.14.49.tgz",
            "integrity": "sha512-lP06UQeLDGmVPw9Rg437Btu6J9/BmyhdoefnQ4gDEJTtJvKtQaUcOQrhjTq455ouZN4EHFH1h28WOJVANK41kA==",
            "cpu": [
                "x64"
            ],
            "dev": true,
            "optional": true,
            "os": [
                "openbsd"
            ],
            "engines": {
                "node": ">=12"
            }
        },
        "node_modules/esbuild-sunos-64": {
            "version": "0.14.49",
            "resolved": "https://registry.npmjs.org/esbuild-sunos-64/-/esbuild-sunos-64-0.14.49.tgz",
            "integrity": "sha512-4c8Zowp+V3zIWje329BeLbGh6XI9c/rqARNaj5yPHdC61pHI9UNdDxT3rePPJeWcEZVKjkiAS6AP6kiITp7FSw==",
            "cpu": [
                "x64"
            ],
            "dev": true,
            "optional": true,
            "os": [
                "sunos"
            ],
            "engines": {
                "node": ">=12"
            }
        },
        "node_modules/esbuild-windows-32": {
            "version": "0.14.49",
            "resolved": "https://registry.npmjs.org/esbuild-windows-32/-/esbuild-windows-32-0.14.49.tgz",
            "integrity": "sha512-q7Rb+J9yHTeKr9QTPDYkqfkEj8/kcKz9lOabDuvEXpXuIcosWCJgo5Z7h/L4r7rbtTH4a8U2FGKb6s1eeOHmJA==",
            "cpu": [
                "ia32"
            ],
            "dev": true,
            "optional": true,
            "os": [
                "win32"
            ],
            "engines": {
                "node": ">=12"
            }
        },
        "node_modules/esbuild-windows-64": {
            "version": "0.14.49",
            "resolved": "https://registry.npmjs.org/esbuild-windows-64/-/esbuild-windows-64-0.14.49.tgz",
            "integrity": "sha512-+Cme7Ongv0UIUTniPqfTX6mJ8Deo7VXw9xN0yJEN1lQMHDppTNmKwAM3oGbD/Vqff+07K2gN0WfNkMohmG+dVw==",
            "cpu": [
                "x64"
            ],
            "dev": true,
            "optional": true,
            "os": [
                "win32"
            ],
            "engines": {
                "node": ">=12"
            }
        },
        "node_modules/esbuild-windows-arm64": {
            "version": "0.14.49",
            "resolved": "https://registry.npmjs.org/esbuild-windows-arm64/-/esbuild-windows-arm64-0.14.49.tgz",
            "integrity": "sha512-v+HYNAXzuANrCbbLFJ5nmO3m5y2PGZWLe3uloAkLt87aXiO2mZr3BTmacZdjwNkNEHuH3bNtN8cak+mzVjVPfA==",
            "cpu": [
                "arm64"
            ],
            "dev": true,
            "optional": true,
            "os": [
                "win32"
            ],
            "engines": {
                "node": ">=12"
            }
        },
        "node_modules/focus-trap": {
            "version": "6.9.4",
            "resolved": "https://registry.npmjs.org/focus-trap/-/focus-trap-6.9.4.tgz",
            "integrity": "sha512-v2NTsZe2FF59Y+sDykKY+XjqZ0cPfhq/hikWVL88BqLivnNiEffAsac6rP6H45ff9wG9LL5ToiDqrLEP9GX9mw==",
            "dependencies": {
                "tabbable": "^5.3.3"
            }
        },
        "node_modules/nprogress": {
            "version": "0.2.0",
            "resolved": "https://registry.npmjs.org/nprogress/-/nprogress-0.2.0.tgz",
            "integrity": "sha512-I19aIingLgR1fmhftnbWWO3dXc0hSxqHQHQb3H8m+K3TnEn/iSeTZZOyvKXWqQESMwuUVnatlCnZdLBZZt2VSA=="
        },
        "node_modules/tabbable": {
            "version": "5.3.3",
            "resolved": "https://registry.npmjs.org/tabbable/-/tabbable-5.3.3.tgz",
            "integrity": "sha512-QD9qKY3StfbZqWOPLp0++pOrAVb/HbUi5xCc8cUo4XjP19808oaMiDzn0leBY5mCespIBM0CIZePzZjgzR83kA=="
        }
    },
    "dependencies": {
        "@alpinejs/anchor": {
            "version": "3.14.4",
            "resolved": "https://registry.npmjs.org/@alpinejs/anchor/-/anchor-3.14.4.tgz",
            "integrity": "sha512-u6mExk1BqamBhyTfaQd4XyClOGSmOQJDRz2uoF9L2y/H3Lb+MKvPMbQE8uN6IVzjxGYqliFQ819OPBI4iDUh9A=="
        },
        "@alpinejs/collapse": {
            "version": "3.14.4",
            "resolved": "https://registry.npmjs.org/@alpinejs/collapse/-/collapse-3.14.4.tgz",
            "integrity": "sha512-lClwAuwlPyCzE6e5Jne4PcI94FK9fKSPdYUR7d7T0kOQ8r167nXvFo3AyB2l/Af/fN+SPvo6PcRgBVLkviEuiA=="
        },
        "@alpinejs/focus": {
            "version": "3.14.4",
            "resolved": "https://registry.npmjs.org/@alpinejs/focus/-/focus-3.14.4.tgz",
            "integrity": "sha512-tsT14fEG7JnTHxElGrtJk85544IrRedJegvWAi4wZrXGDcFsMyi1GBRpcH/CEI4XOFyvGcGXLkIjgsL1sf7LZA==",
            "requires": {
                "focus-trap": "^6.9.4",
                "tabbable": "^5.3.3"
            }
        },
        "@alpinejs/intersect": {
            "version": "3.14.4",
            "resolved": "https://registry.npmjs.org/@alpinejs/intersect/-/intersect-3.14.4.tgz",
            "integrity": "sha512-meQaRXZ8QrfsDJkdm/9c2e0wyeeMgzbDYDek4KCEQ830fP0UOPYnbJtk15YOh4lGbkth/o/pXZJJOT4t1wKldg=="
        },
        "@alpinejs/mask": {
            "version": "3.14.4",
            "resolved": "https://registry.npmjs.org/@alpinejs/mask/-/mask-3.14.4.tgz",
            "integrity": "sha512-CoRprj7vzGYVNrxWbptPdrmYVgrdMyNEwMEqXnuKz7q8v5A6D2/NWqWgqpmcyqleRQ2lE7BQGd1SwBDs5H+zLQ=="
        },
        "@alpinejs/morph": {
            "version": "3.14.4",
            "resolved": "https://registry.npmjs.org/@alpinejs/morph/-/morph-3.14.4.tgz",
            "integrity": "sha512-iSIg0PAMdr/vArtkYKGsh7xjFBliWjZi7nQQYgZe/ns5II/VwlvlsLx/9gZBG6DjFQDtODq61j9XxD03KoSqiw=="
        },
        "@alpinejs/persist": {
            "version": "3.14.4",
            "resolved": "https://registry.npmjs.org/@alpinejs/persist/-/persist-3.14.4.tgz",
            "integrity": "sha512-tp4ie5Ib1fbIi6e7ZP4vTE9Ad2jz/Ri6c6pmsLuOquAdU/s2EPQM4tjGVCRLaWiAhYD+cj4eBEwSfbRpLCtawg=="
        },
        "@alpinejs/resize": {
            "version": "3.14.4",
            "resolved": "https://registry.npmjs.org/@alpinejs/resize/-/resize-3.14.4.tgz",
            "integrity": "sha512-/Y2RTV93+EA1E+Vo/DZCOxXCGfaiSDd2PuXRcuCez2HkzgSxZs1euRsdunIrh4A61HMCA0Y3lxP9ri5MOvtjaA=="
        },
        "@vue/reactivity": {
            "version": "3.2.45",
            "resolved": "https://registry.npmjs.org/@vue/reactivity/-/reactivity-3.2.45.tgz",
            "integrity": "sha512-PRvhCcQcyEVohW0P8iQ7HDcIOXRjZfAsOds3N99X/Dzewy8TVhTCT4uXpAHfoKjVTJRA0O0K+6QNkDIZAxNi3A==",
            "requires": {
                "@vue/shared": "3.2.45"
            }
        },
        "@vue/shared": {
            "version": "3.2.45",
            "resolved": "https://registry.npmjs.org/@vue/shared/-/shared-3.2.45.tgz",
            "integrity": "sha512-Ewzq5Yhimg7pSztDV+RH1UDKBzmtqieXQlpTVm2AwraoRL/Rks96mvd8Vgi7Lj+h+TH8dv7mXD3FRZR3TUvbSg=="
        },
        "alpinejs": {
            "version": "3.14.4",
            "resolved": "https://registry.npmjs.org/alpinejs/-/alpinejs-3.14.4.tgz",
            "integrity": "sha512-fRRQaNO/CbY2jmMsu3xV38XmUlltxfoOZug7UwhX6Q6FcjloFcKdjzepeGhH2YC7LDbY6Nk1SMPOmnbZW2rOLA==",
            "requires": {
                "@vue/reactivity": "~3.1.1"
            },
            "dependencies": {
                "@vue/reactivity": {
                    "version": "3.1.5",
                    "resolved": "https://registry.npmjs.org/@vue/reactivity/-/reactivity-3.1.5.tgz",
                    "integrity": "sha512-1tdfLmNjWG6t/CsPldh+foumYFo3cpyCHgBYQ34ylaMsJ+SNHQ1kApMIa8jN+i593zQuaw3AdWH0nJTARzCFhg==",
                    "requires": {
                        "@vue/shared": "3.1.5"
                    }
                },
                "@vue/shared": {
                    "version": "3.1.5",
                    "resolved": "https://registry.npmjs.org/@vue/shared/-/shared-3.1.5.tgz",
                    "integrity": "sha512-oJ4F3TnvpXaQwZJNF3ZK+kLPHKarDmJjJ6jyzVNDKH9md1dptjC7lWR//jrGuLdek/U6iltWxqAnYOu8gCiOvA=="
                }
            }
        },
        "brotli-size": {
            "version": "4.0.0",
            "resolved": "https://registry.npmjs.org/brotli-size/-/brotli-size-4.0.0.tgz",
            "integrity": "sha512-uA9fOtlTRC0iqKfzff1W34DXUA3GyVqbUaeo3Rw3d4gd1eavKVCETXrn3NzO74W+UVkG3UHu8WxUi+XvKI/huA==",
            "dev": true,
            "requires": {
                "duplexer": "0.1.1"
            }
        },
        "duplexer": {
            "version": "0.1.1",
            "resolved": "https://registry.npmjs.org/duplexer/-/duplexer-0.1.1.tgz",
            "integrity": "sha512-sxNZ+ljy+RA1maXoUReeqBBpBC6RLKmg5ewzV+x+mSETmWNoKdZN6vcQjpFROemza23hGFskJtFNoUWUaQ+R4Q==",
            "dev": true
        },
        "esbuild": {
            "version": "0.14.49",
            "resolved": "https://registry.npmjs.org/esbuild/-/esbuild-0.14.49.tgz",
            "integrity": "sha512-/TlVHhOaq7Yz8N1OJrjqM3Auzo5wjvHFLk+T8pIue+fhnhIMpfAzsG6PLVMbFveVxqD2WOp3QHei+52IMUNmCw==",
            "dev": true,
            "requires": {
                "esbuild-android-64": "0.14.49",
                "esbuild-android-arm64": "0.14.49",
                "esbuild-darwin-64": "0.14.49",
                "esbuild-darwin-arm64": "0.14.49",
                "esbuild-freebsd-64": "0.14.49",
                "esbuild-freebsd-arm64": "0.14.49",
                "esbuild-linux-32": "0.14.49",
                "esbuild-linux-64": "0.14.49",
                "esbuild-linux-arm": "0.14.49",
                "esbuild-linux-arm64": "0.14.49",
                "esbuild-linux-mips64le": "0.14.49",
                "esbuild-linux-ppc64le": "0.14.49",
                "esbuild-linux-riscv64": "0.14.49",
                "esbuild-linux-s390x": "0.14.49",
                "esbuild-netbsd-64": "0.14.49",
                "esbuild-openbsd-64": "0.14.49",
                "esbuild-sunos-64": "0.14.49",
                "esbuild-windows-32": "0.14.49",
                "esbuild-windows-64": "0.14.49",
                "esbuild-windows-arm64": "0.14.49"
            }
        },
        "esbuild-android-64": {
            "version": "0.14.49",
            "resolved": "https://registry.npmjs.org/esbuild-android-64/-/esbuild-android-64-0.14.49.tgz",
            "integrity": "sha512-vYsdOTD+yi+kquhBiFWl3tyxnj2qZJsl4tAqwhT90ktUdnyTizgle7TjNx6Ar1bN7wcwWqZ9QInfdk2WVagSww==",
            "dev": true,
            "optional": true
        },
        "esbuild-android-arm64": {
            "version": "0.14.49",
            "resolved": "https://registry.npmjs.org/esbuild-android-arm64/-/esbuild-android-arm64-0.14.49.tgz",
            "integrity": "sha512-g2HGr/hjOXCgSsvQZ1nK4nW/ei8JUx04Li74qub9qWrStlysaVmadRyTVuW32FGIpLQyc5sUjjZopj49eGGM2g==",
            "dev": true,
            "optional": true
        },
        "esbuild-darwin-64": {
            "version": "0.14.49",
            "resolved": "https://registry.npmjs.org/esbuild-darwin-64/-/esbuild-darwin-64-0.14.49.tgz",
            "integrity": "sha512-3rvqnBCtX9ywso5fCHixt2GBCUsogNp9DjGmvbBohh31Ces34BVzFltMSxJpacNki96+WIcX5s/vum+ckXiLYg==",
            "dev": true,
            "optional": true
        },
        "esbuild-darwin-arm64": {
            "version": "0.14.49",
            "resolved": "https://registry.npmjs.org/esbuild-darwin-arm64/-/esbuild-darwin-arm64-0.14.49.tgz",
            "integrity": "sha512-XMaqDxO846srnGlUSJnwbijV29MTKUATmOLyQSfswbK/2X5Uv28M9tTLUJcKKxzoo9lnkYPsx2o8EJcTYwCs/A==",
            "dev": true,
            "optional": true
        },
        "esbuild-freebsd-64": {
            "version": "0.14.49",
            "resolved": "https://registry.npmjs.org/esbuild-freebsd-64/-/esbuild-freebsd-64-0.14.49.tgz",
            "integrity": "sha512-NJ5Q6AjV879mOHFri+5lZLTp5XsO2hQ+KSJYLbfY9DgCu8s6/Zl2prWXVANYTeCDLlrIlNNYw8y34xqyLDKOmQ==",
            "dev": true,
            "optional": true
        },
        "esbuild-freebsd-arm64": {
            "version": "0.14.49",
            "resolved": "https://registry.npmjs.org/esbuild-freebsd-arm64/-/esbuild-freebsd-arm64-0.14.49.tgz",
            "integrity": "sha512-lFLtgXnAc3eXYqj5koPlBZvEbBSOSUbWO3gyY/0+4lBdRqELyz4bAuamHvmvHW5swJYL7kngzIZw6kdu25KGOA==",
            "dev": true,
            "optional": true
        },
        "esbuild-linux-32": {
            "version": "0.14.49",
            "resolved": "https://registry.npmjs.org/esbuild-linux-32/-/esbuild-linux-32-0.14.49.tgz",
            "integrity": "sha512-zTTH4gr2Kb8u4QcOpTDVn7Z8q7QEIvFl/+vHrI3cF6XOJS7iEI1FWslTo3uofB2+mn6sIJEQD9PrNZKoAAMDiA==",
            "dev": true,
            "optional": true
        },
        "esbuild-linux-64": {
            "version": "0.14.49",
            "resolved": "https://registry.npmjs.org/esbuild-linux-64/-/esbuild-linux-64-0.14.49.tgz",
            "integrity": "sha512-hYmzRIDzFfLrB5c1SknkxzM8LdEUOusp6M2TnuQZJLRtxTgyPnZZVtyMeCLki0wKgYPXkFsAVhi8vzo2mBNeTg==",
            "dev": true,
            "optional": true
        },
        "esbuild-linux-arm": {
            "version": "0.14.49",
            "resolved": "https://registry.npmjs.org/esbuild-linux-arm/-/esbuild-linux-arm-0.14.49.tgz",
            "integrity": "sha512-iE3e+ZVv1Qz1Sy0gifIsarJMQ89Rpm9mtLSRtG3AH0FPgAzQ5Z5oU6vYzhc/3gSPi2UxdCOfRhw2onXuFw/0lg==",
            "dev": true,
            "optional": true
        },
        "esbuild-linux-arm64": {
            "version": "0.14.49",
            "resolved": "https://registry.npmjs.org/esbuild-linux-arm64/-/esbuild-linux-arm64-0.14.49.tgz",
            "integrity": "sha512-KLQ+WpeuY+7bxukxLz5VgkAAVQxUv67Ft4DmHIPIW+2w3ObBPQhqNoeQUHxopoW/aiOn3m99NSmSV+bs4BSsdA==",
            "dev": true,
            "optional": true
        },
        "esbuild-linux-mips64le": {
            "version": "0.14.49",
            "resolved": "https://registry.npmjs.org/esbuild-linux-mips64le/-/esbuild-linux-mips64le-0.14.49.tgz",
            "integrity": "sha512-n+rGODfm8RSum5pFIqFQVQpYBw+AztL8s6o9kfx7tjfK0yIGF6tm5HlG6aRjodiiKkH2xAiIM+U4xtQVZYU4rA==",
            "dev": true,
            "optional": true
        },
        "esbuild-linux-ppc64le": {
            "version": "0.14.49",
            "resolved": "https://registry.npmjs.org/esbuild-linux-ppc64le/-/esbuild-linux-ppc64le-0.14.49.tgz",
            "integrity": "sha512-WP9zR4HX6iCBmMFH+XHHng2LmdoIeUmBpL4aL2TR8ruzXyT4dWrJ5BSbT8iNo6THN8lod6GOmYDLq/dgZLalGw==",
            "dev": true,
            "optional": true
        },
        "esbuild-linux-riscv64": {
            "version": "0.14.49",
            "resolved": "https://registry.npmjs.org/esbuild-linux-riscv64/-/esbuild-linux-riscv64-0.14.49.tgz",
            "integrity": "sha512-h66ORBz+Dg+1KgLvzTVQEA1LX4XBd1SK0Fgbhhw4akpG/YkN8pS6OzYI/7SGENiN6ao5hETRDSkVcvU9NRtkMQ==",
            "dev": true,
            "optional": true
        },
        "esbuild-linux-s390x": {
            "version": "0.14.49",
            "resolved": "https://registry.npmjs.org/esbuild-linux-s390x/-/esbuild-linux-s390x-0.14.49.tgz",
            "integrity": "sha512-DhrUoFVWD+XmKO1y7e4kNCqQHPs6twz6VV6Uezl/XHYGzM60rBewBF5jlZjG0nCk5W/Xy6y1xWeopkrhFFM0sQ==",
            "dev": true,
            "optional": true
        },
        "esbuild-netbsd-64": {
            "version": "0.14.49",
            "resolved": "https://registry.npmjs.org/esbuild-netbsd-64/-/esbuild-netbsd-64-0.14.49.tgz",
            "integrity": "sha512-BXaUwFOfCy2T+hABtiPUIpWjAeWK9P8O41gR4Pg73hpzoygVGnj0nI3YK4SJhe52ELgtdgWP/ckIkbn2XaTxjQ==",
            "dev": true,
            "optional": true
        },
        "esbuild-openbsd-64": {
            "version": "0.14.49",
            "resolved": "https://registry.npmjs.org/esbuild-openbsd-64/-/esbuild-openbsd-64-0.14.49.tgz",
            "integrity": "sha512-lP06UQeLDGmVPw9Rg437Btu6J9/BmyhdoefnQ4gDEJTtJvKtQaUcOQrhjTq455ouZN4EHFH1h28WOJVANK41kA==",
            "dev": true,
            "optional": true
        },
        "esbuild-sunos-64": {
            "version": "0.14.49",
            "resolved": "https://registry.npmjs.org/esbuild-sunos-64/-/esbuild-sunos-64-0.14.49.tgz",
            "integrity": "sha512-4c8Zowp+V3zIWje329BeLbGh6XI9c/rqARNaj5yPHdC61pHI9UNdDxT3rePPJeWcEZVKjkiAS6AP6kiITp7FSw==",
            "dev": true,
            "optional": true
        },
        "esbuild-windows-32": {
            "version": "0.14.49",
            "resolved": "https://registry.npmjs.org/esbuild-windows-32/-/esbuild-windows-32-0.14.49.tgz",
            "integrity": "sha512-q7Rb+J9yHTeKr9QTPDYkqfkEj8/kcKz9lOabDuvEXpXuIcosWCJgo5Z7h/L4r7rbtTH4a8U2FGKb6s1eeOHmJA==",
            "dev": true,
            "optional": true
        },
        "esbuild-windows-64": {
            "version": "0.14.49",
            "resolved": "https://registry.npmjs.org/esbuild-windows-64/-/esbuild-windows-64-0.14.49.tgz",
            "integrity": "sha512-+Cme7Ongv0UIUTniPqfTX6mJ8Deo7VXw9xN0yJEN1lQMHDppTNmKwAM3oGbD/Vqff+07K2gN0WfNkMohmG+dVw==",
            "dev": true,
            "optional": true
        },
        "esbuild-windows-arm64": {
            "version": "0.14.49",
            "resolved": "https://registry.npmjs.org/esbuild-windows-arm64/-/esbuild-windows-arm64-0.14.49.tgz",
            "integrity": "sha512-v+HYNAXzuANrCbbLFJ5nmO3m5y2PGZWLe3uloAkLt87aXiO2mZr3BTmacZdjwNkNEHuH3bNtN8cak+mzVjVPfA==",
            "dev": true,
            "optional": true
        },
        "focus-trap": {
            "version": "6.9.4",
            "resolved": "https://registry.npmjs.org/focus-trap/-/focus-trap-6.9.4.tgz",
            "integrity": "sha512-v2NTsZe2FF59Y+sDykKY+XjqZ0cPfhq/hikWVL88BqLivnNiEffAsac6rP6H45ff9wG9LL5ToiDqrLEP9GX9mw==",
            "requires": {
                "tabbable": "^5.3.3"
            }
        },
        "nprogress": {
            "version": "0.2.0",
            "resolved": "https://registry.npmjs.org/nprogress/-/nprogress-0.2.0.tgz",
            "integrity": "sha512-I19aIingLgR1fmhftnbWWO3dXc0hSxqHQHQb3H8m+K3TnEn/iSeTZZOyvKXWqQESMwuUVnatlCnZdLBZZt2VSA=="
        },
        "tabbable": {
            "version": "5.3.3",
            "resolved": "https://registry.npmjs.org/tabbable/-/tabbable-5.3.3.tgz",
            "integrity": "sha512-QD9qKY3StfbZqWOPLp0++pOrAVb/HbUi5xCc8cUo4XjP19808oaMiDzn0leBY5mCespIBM0CIZePzZjgzR83kA=="
        }
    }
}
